
Microsoft Visual Studio Solution File, Format Version 12.00
# Visual Studio 15
VisualStudioVersion = 15.0.28307.645
MinimumVisualStudioVersion = 10.0.40219.1
Project("{9A19103F-16F7-4668-BE54-9A1E7A4F7556}") = "API", "API\API.csproj", "{160F669F-26A7-460A-B29F-A4E33B666BA6}"
EndProject
Project("{9A19103F-16F7-4668-BE54-9A1E7A4F7556}") = "Domain", "Domain\Domain.csproj", "{EFA1FC6E-566A-4999-A17F-2E01F2056085}"
EndProject
Project("{9A19103F-16F7-4668-BE54-9A1E7A4F7556}") = "Data", "Data\Data.csproj", "{D4708233-A660-41A3-9FBF-7B4C788E9BCC}"
EndProject
Project("{9A19103F-16F7-4668-BE54-9A1E7A4F7556}") = "Business", "Business\Business.csproj", "{C6176A5B-064A-4B4B-B543-9E3CA12D221E}"
EndProject
Project("{9A19103F-16F7-4668-BE54-9A1E7A4F7556}") = "Mobile", "Mobile\Mobile\Mobile.csproj", "{49C8EAA0-A303-457E-B47D-91B54E2EC5CD}"
EndProject
Project("{FAE04EC0-301F-11D3-BF4B-00C04F79EFBC}") = "Mobile.Android", "Mobile\Mobile.Android\Mobile.Android.csproj", "{C6064539-E52E-4417-BD6F-E298DF153575}"
EndProject
Global
	GlobalSection(SolutionConfigurationPlatforms) = preSolution
		Debug|Any CPU = Debug|Any CPU
		Release|Any CPU = Release|Any CPU
	EndGlobalSection
	GlobalSection(ProjectConfigurationPlatforms) = postSolution
		{160F669F-26A7-460A-B29F-A4E33B666BA6}.Debug|Any CPU.ActiveCfg = Debug|Any CPU
		{160F669F-26A7-460A-B29F-A4E33B666BA6}.Debug|Any CPU.Build.0 = Debug|Any CPU
		{160F669F-26A7-460A-B29F-A4E33B666BA6}.Release|Any CPU.ActiveCfg = Release|Any CPU
		{160F669F-26A7-460A-B29F-A4E33B666BA6}.Release|Any CPU.Build.0 = Release|Any CPU
		{EFA1FC6E-566A-4999-A17F-2E01F2056085}.Debug|Any CPU.ActiveCfg = Debug|Any CPU
		{EFA1FC6E-566A-4999-A17F-2E01F2056085}.Debug|Any CPU.Build.0 = Debug|Any CPU
		{EFA1FC6E-566A-4999-A17F-2E01F2056085}.Release|Any CPU.ActiveCfg = Release|Any CPU
		{EFA1FC6E-566A-4999-A17F-2E01F2056085}.Release|Any CPU.Build.0 = Release|Any CPU
		{D4708233-A660-41A3-9FBF-7B4C788E9BCC}.Debug|Any CPU.ActiveCfg = Debug|Any CPU
		{D4708233-A660-41A3-9FBF-7B4C788E9BCC}.Debug|Any CPU.Build.0 = Debug|Any CPU
		{D4708233-A660-41A3-9FBF-7B4C788E9BCC}.Release|Any CPU.ActiveCfg = Release|Any CPU
		{D4708233-A660-41A3-9FBF-7B4C788E9BCC}.Release|Any CPU.Build.0 = Release|Any CPU
		{C6176A5B-064A-4B4B-B543-9E3CA12D221E}.Debug|Any CPU.ActiveCfg = Debug|Any CPU
		{C6176A5B-064A-4B4B-B543-9E3CA12D221E}.Debug|Any CPU.Build.0 = Debug|Any CPU
		{C6176A5B-064A-4B4B-B543-9E3CA12D221E}.Release|Any CPU.ActiveCfg = Release|Any CPU
		{C6176A5B-064A-4B4B-B543-9E3CA12D221E}.Release|Any CPU.Build.0 = Release|Any CPU
		{49C8EAA0-A303-457E-B47D-91B54E2EC5CD}.Debug|Any CPU.ActiveCfg = Debug|Any CPU
		{49C8EAA0-A303-457E-B47D-91B54E2EC5CD}.Debug|Any CPU.Build.0 = Debug|Any CPU
		{49C8EAA0-A303-457E-B47D-91B54E2EC5CD}.Release|Any CPU.ActiveCfg = Release|Any CPU
		{49C8EAA0-A303-457E-B47D-91B54E2EC5CD}.Release|Any CPU.Build.0 = Release|Any CPU
		{C6064539-E52E-4417-BD6F-E298DF153575}.Debug|Any CPU.ActiveCfg = Debug|Any CPU
		{C6064539-E52E-4417-BD6F-E298DF153575}.Debug|Any CPU.Build.0 = Debug|Any CPU
		{C6064539-E52E-4417-BD6F-E298DF153575}.Debug|Any CPU.Deploy.0 = Debug|Any CPU
		{C6064539-E52E-4417-BD6F-E298DF153575}.Release|Any CPU.ActiveCfg = Release|Any CPU
		{C6064539-E52E-4417-BD6F-E298DF153575}.Release|Any CPU.Build.0 = Release|Any CPU
		{C6064539-E52E-4417-BD6F-E298DF153575}.Release|Any CPU.Deploy.0 = Release|Any CPU
	EndGlobalSection
	GlobalSection(SolutionProperties) = preSolution
		HideSolutionNode = FALSE
	EndGlobalSection
	GlobalSection(ExtensibilityGlobals) = postSolution
		SolutionGuid = {3ACF4C99-CBC8-49EC-89EF-7AB166B08740}
	EndGlobalSection
EndGlobal
